<?xml version="1.0" encoding="utf-8"?>
<Project ToolsVersion="4.0" xmlns="http://schemas.microsoft.com/developer/msbuild/2003">
  <ItemGroup>
    <Filter Include="General">
      <UniqueIdentifier>{4FC737F1-C7A5-4376-A066-2A32D752A2FF}</UniqueIdentifier>
      <Extensions>
      </Extensions>
    </Filter>
    <Filter Include="General\Entities">
      <UniqueIdentifier>{b1d6a275-ee2e-40ce-8264-387f124c3c5d}</UniqueIdentifier>
    </Filter>
    <Filter Include="General\GameModes">
      <UniqueIdentifier>{53c3b83c-8549-40e0-8788-303387fc79d2}</UniqueIdentifier>
    </Filter>
    <Filter Include="General\Items">
      <UniqueIdentifier>{4c3635da-f0f2-49ec-a74b-4f2b0338a77d}</UniqueIdentifier>
    </Filter>
    <Filter Include="General\GameModes\Minigames">
      <UniqueIdentifier>{16902b7e-c48d-4371-a450-27102429b803}</UniqueIdentifier>
    </Filter>
    <Filter Include="General\Items\Weapons">
      <UniqueIdentifier>{8b4f5e72-2596-4f41-a33f-802f6f03d998}</UniqueIdentifier>
    </Filter>
    <Filter Include="General\Items\Chassis">
      <UniqueIdentifier>{35c325b3-096d-4d1c-94e4-653c948fa8bc}</UniqueIdentifier>
    </Filter>
    <Filter Include="General\Items\Actives">
      <UniqueIdentifier>{89057469-1d48-4636-91c8-3f717c24a58a}</UniqueIdentifier>
    </Filter>
    <Filter Include="General\Items\Passives">
      <UniqueIdentifier>{f5746678-6faa-4ccc-8bdf-827ffd2fa2ff}</UniqueIdentifier>
    </Filter>
    <Filter Include="General\Pilots">
      <UniqueIdentifier>{f3768aa3-6e8d-4858-b347-f02d738fce25}</UniqueIdentifier>
    </Filter>
    <Filter Include="General\Entities\Props">
      <UniqueIdentifier>{8d9fb069-d3a1-462e-9143-56df603d7348}</UniqueIdentifier>
    </Filter>
    <Filter Include="General\UI">
      <UniqueIdentifier>{e9886ac7-b92a-4ea1-bc27-9cdb8aa5a2fd}</UniqueIdentifier>
    </Filter>
    <Filter Include="General\Entities\Projectiles">
      <UniqueIdentifier>{db48448b-8fb1-4d6f-aef1-cd3318695554}</UniqueIdentifier>
    </Filter>
  </ItemGroup>
  <ItemGroup>
    <ClCompile Include="GameCommon.cpp">
      <Filter>General</Filter>
    </ClCompile>
    <ClCompile Include="Main_Win32.cpp">
      <Filter>General</Filter>
    </ClCompile>
    <ClCompile Include="TheGame.cpp">
      <Filter>General</Filter>
    </ClCompile>
    <ClCompile Include="StateMachine.cpp">
      <Filter>General</Filter>
    </ClCompile>
    <ClCompile Include="Entities\Entity.cpp">
      <Filter>General\Entities</Filter>
    </ClCompile>
    <ClCompile Include="Entities\Ship.cpp">
      <Filter>General\Entities</Filter>
    </ClCompile>
    <ClCompile Include="Entities\Grunt.cpp">
      <Filter>General\Entities</Filter>
    </ClCompile>
    <ClCompile Include="Entities\Pickup.cpp">
      <Filter>General\Entities</Filter>
    </ClCompile>
    <ClCompile Include="GameModes\BaseMinigameMode.cpp">
      <Filter>General\GameModes</Filter>
    </ClCompile>
    <ClCompile Include="GameModes\GameMode.cpp">
      <Filter>General\GameModes</Filter>
    </ClCompile>
    <ClCompile Include="GameModes\AssemblyMode.cpp">
      <Filter>General\GameModes</Filter>
    </ClCompile>
    <ClCompile Include="GameModes\Minigames\RaceMinigameMode.cpp">
      <Filter>General\GameModes\Minigames</Filter>
    </ClCompile>
    <ClCompile Include="GameModes\Minigames\BattleRoyaleMinigameMode.cpp">
      <Filter>General\GameModes\Minigames</Filter>
    </ClCompile>
    <ClCompile Include="GameModes\Minigames\SurvivalMinigameMode.cpp">
      <Filter>General\GameModes\Minigames</Filter>
    </ClCompile>
    <ClCompile Include="Items\Item.cpp">
      <Filter>General\Items</Filter>
    </ClCompile>
    <ClCompile Include="Items\PowerUp.cpp">
      <Filter>General\Items</Filter>
    </ClCompile>
    <ClCompile Include="Items\Weapons\Weapon.cpp">
      <Filter>General\Items\Weapons</Filter>
    </ClCompile>
    <ClCompile Include="Items\Chassis\Chassis.cpp">
      <Filter>General\Items\Chassis</Filter>
    </ClCompile>
    <ClCompile Include="Entities\PlayerShip.cpp">
      <Filter>General\Entities</Filter>
    </ClCompile>
    <ClCompile Include="Stats.cpp">
      <Filter>General</Filter>
    </ClCompile>
    <ClCompile Include="Pilots\Pilot.cpp">
      <Filter>General\Pilots</Filter>
    </ClCompile>
    <ClCompile Include="Pilots\PlayerPilot.cpp">
      <Filter>General\Pilots</Filter>
    </ClCompile>
    <ClCompile Include="Entities\Props\ItemCrate.cpp">
      <Filter>General\Entities\Props</Filter>
    </ClCompile>
    <ClCompile Include="Entities\Props\Asteroid.cpp">
      <Filter>General\Entities\Props</Filter>
    </ClCompile>
    <ClCompile Include="Items\Weapons\MissileLauncher.cpp">
      <Filter>General\Items\Weapons</Filter>
    </ClCompile>
    <ClCompile Include="Entities\Projectiles\Projectile.cpp">
      <Filter>General\Entities\Projectiles</Filter>
    </ClCompile>
    <ClCompile Include="Entities\Projectiles\Missile.cpp">
      <Filter>General\Entities\Projectiles</Filter>
    </ClCompile>
    <ClCompile Include="Entities\Projectiles\Laser.cpp">
      <Filter>General\Entities\Projectiles</Filter>
    </ClCompile>
    <ClCompile Include="Items\Weapons\LaserGun.cpp">
      <Filter>General\Items\Weapons</Filter>
    </ClCompile>
    <ClCompile Include="Entities\TextSplash.cpp">
      <Filter>General\Entities</Filter>
    </ClCompile>
    <ClCompile Include="Items\Chassis\SpeedChassis.cpp">
      <Filter>General\Items\Chassis</Filter>
    </ClCompile>
    <ClCompile Include="Items\Passives\PassiveEffect.cpp">
      <Filter>General\Items\Passives</Filter>
    </ClCompile>
    <ClCompile Include="Items\Actives\ActiveEffect.cpp">
      <Filter>General\Items\Actives</Filter>
    </ClCompile>
    <ClCompile Include="Items\Passives\CloakPassive.cpp">
      <Filter>General\Items\Passives</Filter>
    </ClCompile>
    <ClCompile Include="Items\Passives\StealthTrailPassive.cpp">
      <Filter>General\Items\Passives</Filter>
    </ClCompile>
    <ClCompile Include="Items\Actives\QuickshotActive.cpp">
      <Filter>General\Items\Actives</Filter>
    </ClCompile>
    <ClCompile Include="UI\ReadyAnimationWidget.cpp" />
    <ClCompile Include="Items\Passives\SpecialTrailPassive.cpp" />
    <ClCompile Include="Items\Actives\WarpActive.cpp" />
    <ClCompile Include="Items\Actives\TeleportActive.cpp">
      <Filter>General\Items\Actives</Filter>
    </ClCompile>
    <ClCompile Include="Items\Chassis\BlackHoleChassis.cpp">
      <Filter>General\Items\Chassis</Filter>
    </ClCompile>
    <ClCompile Include="Items\Actives\BoostActive.cpp" />
    <ClCompile Include="Items\Actives\ShieldActive.cpp" />
    <ClCompile Include="Encounters\Encounter.cpp" />
    <ClCompile Include="Encounters\SquadronEncounter.cpp" />
    <ClCompile Include="Entities\Props\Nebula.cpp" />
    <ClCompile Include="Encounters\NebulaEncounter.cpp" />
    <ClCompile Include="Entities\Props\Wormhole.cpp" />
    <ClCompile Include="Encounters\WormholeEncounter.cpp" />
  </ItemGroup>
  <ItemGroup>
    <ClInclude Include="GameCommon.hpp">
      <Filter>General</Filter>
    </ClInclude>
    <ClInclude Include="TheGame.hpp">
      <Filter>General</Filter>
    </ClInclude>
    <ClInclude Include="StateMachine.hpp">
      <Filter>General</Filter>
    </ClInclude>
    <ClInclude Include="Entities\Entity.hpp">
      <Filter>General\Entities</Filter>
    </ClInclude>
    <ClInclude Include="Entities\Ship.hpp">
      <Filter>General\Entities</Filter>
    </ClInclude>
    <ClInclude Include="Entities\Grunt.hpp">
      <Filter>General\Entities</Filter>
    </ClInclude>
    <ClInclude Include="Entities\Pickup.hpp">
      <Filter>General\Entities</Filter>
    </ClInclude>
    <ClInclude Include="GameModes\BaseMinigameMode.hpp">
      <Filter>General\GameModes</Filter>
    </ClInclude>
    <ClInclude Include="GameModes\GameMode.hpp">
      <Filter>General\GameModes</Filter>
    </ClInclude>
    <ClInclude Include="GameModes\AssemblyMode.hpp">
      <Filter>General\GameModes</Filter>
    </ClInclude>
    <ClInclude Include="GameModes\Minigames\RaceMinigameMode.hpp">
      <Filter>General\GameModes\Minigames</Filter>
    </ClInclude>
    <ClInclude Include="GameModes\Minigames\BattleRoyaleMinigameMode.hpp">
      <Filter>General\GameModes\Minigames</Filter>
    </ClInclude>
    <ClInclude Include="GameModes\Minigames\SurvivalMinigameMode.hpp">
      <Filter>General\GameModes\Minigames</Filter>
    </ClInclude>
    <ClInclude Include="Items\Item.hpp">
      <Filter>General\Items</Filter>
    </ClInclude>
    <ClInclude Include="Items\PowerUp.hpp">
      <Filter>General\Items</Filter>
    </ClInclude>
    <ClInclude Include="Items\Weapons\Weapon.hpp">
      <Filter>General\Items\Weapons</Filter>
    </ClInclude>
    <ClInclude Include="Items\Chassis\Chassis.hpp">
      <Filter>General\Items\Chassis</Filter>
    </ClInclude>
    <ClInclude Include="Entities\PlayerShip.hpp">
      <Filter>General\Entities</Filter>
    </ClInclude>
    <ClInclude Include="Stats.hpp">
      <Filter>General</Filter>
    </ClInclude>
    <ClInclude Include="Pilots\Pilot.hpp">
      <Filter>General\Pilots</Filter>
    </ClInclude>
    <ClInclude Include="Pilots\PlayerPilot.hpp">
      <Filter>General\Pilots</Filter>
    </ClInclude>
    <ClInclude Include="Entities\Props\ItemCrate.hpp">
      <Filter>General\Entities\Props</Filter>
    </ClInclude>
    <ClInclude Include="Entities\Props\Asteroid.hpp">
      <Filter>General\Entities\Props</Filter>
    </ClInclude>
    <ClInclude Include="Items\Weapons\MissileLauncher.hpp">
      <Filter>General\Items\Weapons</Filter>
    </ClInclude>
    <ClInclude Include="Entities\Projectiles\Projectile.hpp">
      <Filter>General\Entities\Projectiles</Filter>
    </ClInclude>
    <ClInclude Include="Entities\Projectiles\Missile.hpp">
      <Filter>General\Entities\Projectiles</Filter>
    </ClInclude>
    <ClInclude Include="Entities\Projectiles\Laser.hpp">
      <Filter>General\Entities\Projectiles</Filter>
    </ClInclude>
    <ClInclude Include="Items\Weapons\LaserGun.hpp">
      <Filter>General\Items\Weapons</Filter>
    </ClInclude>
    <ClInclude Include="Items\DropTable.hpp">
      <Filter>General\Items</Filter>
    </ClInclude>
    <ClInclude Include="Entities\TextSplash.hpp">
      <Filter>General\Entities</Filter>
    </ClInclude>
    <ClInclude Include="Items\Chassis\SpeedChassis.hpp">
      <Filter>General\Items\Chassis</Filter>
    </ClInclude>
    <ClInclude Include="Items\Passives\PassiveEffect.hpp">
      <Filter>General\Items\Passives</Filter>
    </ClInclude>
    <ClInclude Include="Items\Actives\ActiveEffect.hpp">
      <Filter>General\Items\Actives</Filter>
    </ClInclude>
    <ClInclude Include="Items\Passives\CloakPassive.hpp">
      <Filter>General\Items\Passives</Filter>
    </ClInclude>
    <ClInclude Include="Items\Passives\StealthTrailPassive.hpp">
      <Filter>General\Items\Passives</Filter>
    </ClInclude>
    <ClInclude Include="Items\Actives\QuickshotActive.hpp">
      <Filter>General\Items\Actives</Filter>
    </ClInclude>
    <ClInclude Include="UI\ReadyAnimationWidget.hpp" />
    <ClInclude Include="Items\Passives\SpecialTrailPassive.hpp" />
    <ClInclude Include="Items\Actives\WarpActive.hpp" />
    <ClInclude Include="Items\Actives\TeleportActive.hpp">
      <Filter>General\Items\Actives</Filter>
    </ClInclude>
    <ClInclude Include="Items\Chassis\BlackHoleChassis.hpp">
      <Filter>General\Items\Chassis</Filter>
    </ClInclude>
    <ClInclude Include="Items\Actives\BoostActive.hpp" />
    <ClInclude Include="Items\Actives\ShieldActive.hpp" />
    <ClInclude Include="Encounters\Encounter.hpp" />
    <ClInclude Include="Encounters\SquadronEncounter.hpp" />
    <ClInclude Include="Entities\Props\Nebula.hpp" />
    <ClInclude Include="Encounters\NebulaEncounter.hpp" />
    <ClInclude Include="Entities\Props\Wormhole.hpp" />
    <ClInclude Include="Encounters\WormholeEncounter.hpp" />
  </ItemGroup>
  <ItemGroup>
    <Xml Include="..\..\Run_Win32\Data\UI\Widget.xml">
      <Filter>General\UI</Filter>
    </Xml>
    <Xml Include="..\..\Run_Win32\Data\UI\Styles.xml">
      <Filter>General\UI</Filter>
    </Xml>
  </ItemGroup>
</Project>